
Microsoft Visual Studio Solution File, Format Version 12.00
# Visual Studio Version 17
VisualStudioVersion = 17.8.34316.72
MinimumVisualStudioVersion = 10.0.40219.1
Project("{FAE04EC0-301F-11D3-BF4B-00C04F79EFBC}") = "SocketClient", "SocketClient.csproj", "{8C84357C-7783-4B70-B196-C50715B571F0}"
EndProject
Global
	GlobalSection(SolutionConfigurationPlatforms) = preSolution
		Debug|Any CPU = Debug|Any CPU
		Release|Any CPU = Release|Any CPU
	EndGlobalSection
	GlobalSection(ProjectConfigurationPlatforms) = postSolution
		{8C84357C-7783-4B70-B196-C50715B571F0}.Debug|Any CPU.ActiveCfg = Debug|Any CPU
		{8C84357C-7783-4B70-B196-C50715B571F0}.Debug|Any CPU.Build.0 = Debug|Any CPU
		{8C84357C-7783-4B70-B196-C50715B571F0}.Release|Any CPU.ActiveCfg = Release|Any CPU
		{8C84357C-7783-4B70-B196-C50715B571F0}.Release|Any CPU.Build.0 = Release|Any CPU
	EndGlobalSection
	GlobalSection(SolutionProperties) = preSolution
		HideSolutionNode = FALSE
	EndGlobalSection
	GlobalSection(ExtensibilityGlobals) = postSolution
		SolutionGuid = {C8097926-7C81-4F88-A79E-0D7C6375BEC0}
	EndGlobalSection
EndGlobal
